
Microsoft Visual Studio Solution File, Format Version 12.00
# Visual Studio 15
VisualStudioVersion = 15.0.28307.852
MinimumVisualStudioVersion = 10.0.40219.1
Project("{FAE04EC0-301F-11D3-BF4B-00C04F79EFBC}") = "ETH", "ETH\ETH.csproj", "{E2B8029C-06AA-4E3D-B53D-04DE09045EFF}"
EndProject
Global
	GlobalSection(SolutionConfigurationPlatforms) = preSolution
		Debug|Any CPU = Debug|Any CPU
		Release|Any CPU = Release|Any CPU
	EndGlobalSection
	GlobalSection(ProjectConfigurationPlatforms) = postSolution
		{E2B8029C-06AA-4E3D-B53D-04DE09045EFF}.Debug|Any CPU.ActiveCfg = Debug|Any CPU
		{E2B8029C-06AA-4E3D-B53D-04DE09045EFF}.Debug|Any CPU.Build.0 = Debug|Any CPU
		{E2B8029C-06AA-4E3D-B53D-04DE09045EFF}.Release|Any CPU.ActiveCfg = Release|Any CPU
		{E2B8029C-06AA-4E3D-B53D-04DE09045EFF}.Release|Any CPU.Build.0 = Release|Any CPU
	EndGlobalSection
	GlobalSection(SolutionProperties) = preSolution
		HideSolutionNode = FALSE
	EndGlobalSection
	GlobalSection(ExtensibilityGlobals) = postSolution
		SolutionGuid = {A873486A-8905-493D-BA61-752FF93743EC}
	EndGlobalSection
EndGlobal
